
Microsoft Visual Studio Solution File, Format Version 12.00
# Visual Studio Version 17
VisualStudioVersion = 17.14.35806.103 d17.14
MinimumVisualStudioVersion = 10.0.40219.1
Project("{FAE04EC0-301F-11D3-BF4B-00C04F79EFBC}") = "AIText", "AIText\AIText.csproj", "{2CA22C4A-46D9-446E-A880-35005E764000}"
EndProject
Global
	GlobalSection(SolutionConfigurationPlatforms) = preSolution
		Debug|Any CPU = Debug|Any CPU
		Release|Any CPU = Release|Any CPU
	EndGlobalSection
	GlobalSection(ProjectConfigurationPlatforms) = postSolution
		{2CA22C4A-46D9-446E-A880-35005E764000}.Debug|Any CPU.ActiveCfg = Debug|Any CPU
		{2CA22C4A-46D9-446E-A880-35005E764000}.Debug|Any CPU.Build.0 = Debug|Any CPU
		{2CA22C4A-46D9-446E-A880-35005E764000}.Release|Any CPU.ActiveCfg = Release|Any CPU
		{2CA22C4A-46D9-446E-A880-35005E764000}.Release|Any CPU.Build.0 = Release|Any CPU
	EndGlobalSection
	GlobalSection(SolutionProperties) = preSolution
		HideSolutionNode = FALSE
	EndGlobalSection
	GlobalSection(ExtensibilityGlobals) = postSolution
		SolutionGuid = {5DDFD461-BE09-4EA2-B7DF-CE57320923F5}
	EndGlobalSection
EndGlobal
